
Microsoft Visual Studio Solution File, Format Version 9.00
# Visual Studio 2005
Project("{FAE04EC0-301F-11D3-BF4B-00C04F79EFBC}") = "HelloWorldCS", "HelloWorldCS\HelloWorldCS.csproj", "{38D5EFF0-828F-4565-B486-34B5E8551DCD}"
EndProject
Global
	GlobalSection(SolutionConfigurationPlatforms) = preSolution
		Debug|Any CPU = Debug|Any CPU
		Release|Any CPU = Release|Any CPU
	EndGlobalSection
	GlobalSection(ProjectConfigurationPlatforms) = postSolution
		{38D5EFF0-828F-4565-B486-34B5E8551DCD}.Debug|Any CPU.ActiveCfg = Debug|Any CPU
		{38D5EFF0-828F-4565-B486-34B5E8551DCD}.Debug|Any CPU.Build.0 = Debug|Any CPU
		{38D5EFF0-828F-4565-B486-34B5E8551DCD}.Release|Any CPU.ActiveCfg = Release|Any CPU
		{38D5EFF0-828F-4565-B486-34B5E8551DCD}.Release|Any CPU.Build.0 = Release|Any CPU
	EndGlobalSection
	GlobalSection(SolutionProperties) = preSolution
		HideSolutionNode = FALSE
	EndGlobalSection
EndGlobal
